{
  "name": "smart-table-core",
  "version": "3.0.5",
  "lockfileVersion": 1,
  "requires": true,
  "dependencies": {
    "@types/estree": {
      "version": "0.0.39",
      "resolved": "https://registry.npmjs.org/@types/estree/-/estree-0.0.39.tgz",
      "integrity": "sha512-EYNwp3bU+98cpU4lAWYYL7Zz+2gryWH1qbdDTidVd6hkiR6weksdbMadyXKXNPEkQFhXM+hVO9ZygomHXp+AIw==",
      "dev": true
    },
    "@types/node": {
      "version": "12.6.2",
      "resolved": "https://registry.npmjs.org/@types/node/-/node-12.6.2.tgz",
      "integrity": "sha512-gojym4tX0FWeV2gsW4Xmzo5wxGjXGm550oVUII7f7G5o4BV6c7DBdiG1RRQd+y1bvqRyYtPfMK85UM95vsapqQ==",
      "dev": true
    },
    "@types/resolve": {
      "version": "0.0.8",
      "resolved": "https://registry.npmjs.org/@types/resolve/-/resolve-0.0.8.tgz",
      "integrity": "sha512-auApPaJf3NPfe18hSoJkp8EbZzer2ISk7o8mCC3M9he/a04+gbMF97NkpD2S8riMGvm4BMRI59/SZQSaLTKpsQ==",
      "dev": true,
      "requires": {
        "@types/node": "*"
      }
    },
    "acorn": {
      "version": "7.0.0",
      "resolved": "https://registry.npmjs.org/acorn/-/acorn-7.0.0.tgz",
      "integrity": "sha512-PaF/MduxijYYt7unVGRuds1vBC9bFxbNf+VWqhOClfdgy7RlVkQqt610ig1/yxTgsDIfW1cWDel5EBbOy3jdtQ==",
      "dev": true
    },
    "argparse": {
      "version": "1.0.10",
      "resolved": "https://registry.npmjs.org/argparse/-/argparse-1.0.10.tgz",
      "integrity": "sha512-o5Roy6tNG4SL/FOkCAN6RzjiakZS25RLYFrcMttJqbdd8BWrnA+fGz57iN5Pb06pvBGvl5gQ0B48dJlslXvoTg==",
      "dev": true,
      "requires": {
        "sprintf-js": "~1.0.2"
      }
    },
    "builtin-modules": {
      "version": "3.1.0",
      "resolved": "https://registry.npmjs.org/builtin-modules/-/builtin-modules-3.1.0.tgz",
      "integrity": "sha512-k0KL0aWZuBt2lrxrcASWDfwOLMnodeQjodT/1SxEQAXsHANgo6ZC/VEaSEHCXt7aSTZ4/4H5LKa+tBXmW7Vtvw==",
      "dev": true
    },
    "core-util-is": {
      "version": "1.0.2",
      "resolved": "https://registry.npmjs.org/core-util-is/-/core-util-is-1.0.2.tgz",
      "integrity": "sha1-tf1UIgqivFq1eqtxQMlAdUUDwac=",
      "dev": true,
      "optional": true
    },
    "esm": {
      "version": "3.2.25",
      "resolved": "https://registry.npmjs.org/esm/-/esm-3.2.25.tgz",
      "integrity": "sha512-U1suiZ2oDVWv4zPO56S0NcR5QriEahGtdN2OR6FiOG4WJvcjBVFB0qI4+eKoWFH483PKGuLuu6V8Z4T5g63UVA=="
    },
    "esprima": {
      "version": "4.0.1",
      "resolved": "https://registry.npmjs.org/esprima/-/esprima-4.0.1.tgz",
      "integrity": "sha512-eGuFFw7Upda+g4p+QHvnW0RyTX/SVeJBDM/gCtMARO0cLuT2HcEKnTPvhjV6aGeqrCB/sbNop0Kszm0jsaWU4A==",
      "dev": true
    },
    "estree-walker": {
      "version": "0.6.1",
      "resolved": "https://registry.npmjs.org/estree-walker/-/estree-walker-0.6.1.tgz",
      "integrity": "sha512-SqmZANLWS0mnatqbSfRP5g8OXZC12Fgg1IwNtLsyHDzJizORW4khDfjPqJZsemPWBB2uqykUah5YpQ6epsqC/w==",
      "dev": true
    },
    "events-to-array": {
      "version": "1.1.2",
      "resolved": "https://registry.npmjs.org/events-to-array/-/events-to-array-1.1.2.tgz",
      "integrity": "sha1-LUH1Y+H+QA7Uli/hpNXGp1Od9/Y=",
      "dev": true
    },
    "inherits": {
      "version": "2.0.3",
      "resolved": "https://registry.npmjs.org/inherits/-/inherits-2.0.3.tgz",
      "integrity": "sha1-Yzwsg+PaQqUC9SRmAiSA9CCCYd4=",
      "dev": true
    },
    "is-module": {
      "version": "1.0.0",
      "resolved": "https://registry.npmjs.org/is-module/-/is-module-1.0.0.tgz",
      "integrity": "sha1-Mlj7afeMFNW4FdZkM2tM/7ZEFZE=",
      "dev": true
    },
    "isarray": {
      "version": "1.0.0",
      "resolved": "https://registry.npmjs.org/isarray/-/isarray-1.0.0.tgz",
      "integrity": "sha1-u5NdSFgsuhaMBoNJV6VKPgcSTxE=",
      "dev": true,
      "optional": true
    },
    "js-yaml": {
      "version": "3.13.1",
      "resolved": "https://registry.npmjs.org/js-yaml/-/js-yaml-3.13.1.tgz",
      "integrity": "sha512-YfbcO7jXDdyj0DGxYVSlSeQNHbD7XPWvrVWeVUujrQEoZzWJIRrCPoyk6kL6IAjAG2IolMK4T0hNUe0HOUs5Jw==",
      "dev": true,
      "requires": {
        "argparse": "^1.0.7",
        "esprima": "^4.0.0"
      }
    },
    "path-parse": {
      "version": "1.0.6",
      "resolved": "https://registry.npmjs.org/path-parse/-/path-parse-1.0.6.tgz",
      "integrity": "sha512-GSmOT2EbHrINBf9SR7CDELwlJ8AENk3Qn7OikK4nFYAu3Ote2+JYNVvkpAEQm3/TLNEJFD/xZJjzyxg3KBWOzw==",
      "dev": true
    },
    "process-nextick-args": {
      "version": "2.0.0",
      "resolved": "https://registry.npmjs.org/process-nextick-args/-/process-nextick-args-2.0.0.tgz",
      "integrity": "sha512-MtEC1TqN0EU5nephaJ4rAtThHtC86dNN9qCuEhtshvpVBkAW5ZO7BASN9REnF9eoXGcRub+pFuKEpOHE+HbEMw==",
      "dev": true,
      "optional": true
    },
    "re-template-tag": {
      "version": "2.0.1",
      "resolved": "https://registry.npmjs.org/re-template-tag/-/re-template-tag-2.0.1.tgz",
      "integrity": "sha512-TkxjSTkKDTKjSrflkkUDHd/2RDQuwoYPdrdNtTcDG0wD2EeT5FeeWe1QANwKe4BwOC5kN8a7QnvSAgSz7mRhwQ=="
    },
    "readable-stream": {
      "version": "2.3.5",
      "resolved": "https://registry.npmjs.org/readable-stream/-/readable-stream-2.3.5.tgz",
      "integrity": "sha512-tK0yDhrkygt/knjowCUiWP9YdV7c5R+8cR0r/kt9ZhBU906Fs6RpQJCEilamRJj1Nx2rWI6LkW9gKqjTkshhEw==",
      "dev": true,
      "optional": true,
      "requires": {
        "core-util-is": "~1.0.0",
        "inherits": "~2.0.3",
        "isarray": "~1.0.0",
        "process-nextick-args": "~2.0.0",
        "safe-buffer": "~5.1.1",
        "string_decoder": "~1.0.3",
        "util-deprecate": "~1.0.1"
      }
    },
    "resolve": {
      "version": "1.11.1",
      "resolved": "https://registry.npmjs.org/resolve/-/resolve-1.11.1.tgz",
      "integrity": "sha512-vIpgF6wfuJOZI7KKKSP+HmiKggadPQAdsp5HiC1mvqnfp0gF1vdwgBWZIdrVft9pgqoMFQN+R7BSWZiBxx+BBw==",
      "dev": true,
      "requires": {
        "path-parse": "^1.0.6"
      }
    },
    "rollup": {
      "version": "1.21.2",
      "resolved": "https://registry.npmjs.org/rollup/-/rollup-1.21.2.tgz",
      "integrity": "sha512-sCAHlcQ/PExU5t/kRwkEWHdhGmQrZ2IgdQzbjPVNfhWbKHMMZGYqkASVTpQqRPLtQKg15xzEscc+BnIK/TE7/Q==",
      "dev": true,
      "requires": {
        "@types/estree": "0.0.39",
        "@types/node": "^12.7.4",
        "acorn": "^7.0.0"
      },
      "dependencies": {
        "@types/node": {
          "version": "12.7.4",
          "resolved": "https://registry.npmjs.org/@types/node/-/node-12.7.4.tgz",
          "integrity": "sha512-W0+n1Y+gK/8G2P/piTkBBN38Qc5Q1ZSO6B5H3QmPCUewaiXOo2GCAWZ4ElZCcNhjJuBSUSLGFUJnmlCn5+nxOQ==",
          "dev": true
        }
      }
    },
    "rollup-plugin-node-resolve": {
      "version": "5.2.0",
      "resolved": "https://registry.npmjs.org/rollup-plugin-node-resolve/-/rollup-plugin-node-resolve-5.2.0.tgz",
      "integrity": "sha512-jUlyaDXts7TW2CqQ4GaO5VJ4PwwaV8VUGA7+km3n6k6xtOEacf61u0VXwN80phY/evMcaS+9eIeJ9MOyDxt5Zw==",
      "dev": true,
      "requires": {
        "@types/resolve": "0.0.8",
        "builtin-modules": "^3.1.0",
        "is-module": "^1.0.0",
        "resolve": "^1.11.1",
        "rollup-pluginutils": "^2.8.1"
      }
    },
    "rollup-pluginutils": {
      "version": "2.8.1",
      "resolved": "https://registry.npmjs.org/rollup-pluginutils/-/rollup-pluginutils-2.8.1.tgz",
      "integrity": "sha512-J5oAoysWar6GuZo0s+3bZ6sVZAC0pfqKz68De7ZgDi5z63jOVZn1uJL/+z1jeKHNbGII8kAyHF5q8LnxSX5lQg==",
      "dev": true,
      "requires": {
        "estree-walker": "^0.6.1"
      }
    },
    "safe-buffer": {
      "version": "5.1.1",
      "resolved": "https://registry.npmjs.org/safe-buffer/-/safe-buffer-5.1.1.tgz",
      "integrity": "sha512-kKvNJn6Mm93gAczWVJg7wH+wGYWNrDHdWvpUmHyEsgCtIwwo3bqPtV4tR5tuPaUhTOo/kvhVwd8XwwOllGYkbg==",
      "dev": true,
      "optional": true
    },
    "smart-table-events": {
      "version": "1.0.10",
      "resolved": "https://registry.npmjs.org/smart-table-events/-/smart-table-events-1.0.10.tgz",
      "integrity": "sha512-v/5OC4uO2n2Fpa3/liT08hCDTaMrA5SkEo81QssYDbQLIbIDv1ZsONs4hMgbH+O1DEAN2ZmIEtEf8WLIDYTuCA=="
    },
    "smart-table-filter": {
      "version": "2.0.4",
      "resolved": "https://registry.npmjs.org/smart-table-filter/-/smart-table-filter-2.0.4.tgz",
      "integrity": "sha512-8Hbg9LBND9jdZH2zAfHETvWxsLL1B9Ves5atstQ7pvZkJvD0sPzI175pGwRQfXx5+r05yz2roO/kTQ31Q8g7WA==",
      "requires": {
        "smart-table-json-pointer": "^2.0.4",
        "smart-table-operators": "^2.0.10"
      }
    },
    "smart-table-json-pointer": {
      "version": "2.1.0",
      "resolved": "https://registry.npmjs.org/smart-table-json-pointer/-/smart-table-json-pointer-2.1.0.tgz",
      "integrity": "sha512-kQDbEdluMtjLXsRAviLA0WUbkUJpTo9jgnqVggHBlBQA1pkHP2IjTf4YUW4+aMrYNWbHh3sVh9wTiUc/cSOXPg=="
    },
    "smart-table-operators": {
      "version": "2.0.10",
      "resolved": "https://registry.npmjs.org/smart-table-operators/-/smart-table-operators-2.0.10.tgz",
      "integrity": "sha512-qjc3DZVFCTSz+zfEwXB4uoZ1lUomQLBmND9ZUobXVR5zf15KW66ETIHLi8eQBfSHUDdvi3yNslK3aiCJbeG/gw=="
    },
    "smart-table-search": {
      "version": "2.0.6",
      "resolved": "https://registry.npmjs.org/smart-table-search/-/smart-table-search-2.0.6.tgz",
      "integrity": "sha512-yruH8HFmeTQHrtbnOa0Y/gc4ZfYIwcuaJQUABmXVju992jVuVe/ubao8OdoXnbmX0MWwZdlXOE52D9kQ6/YzjQ==",
      "requires": {
        "re-template-tag": "^2.0.1",
        "smart-table-json-pointer": "^2.0.4"
      }
    },
    "smart-table-sort": {
      "version": "2.0.4",
      "resolved": "https://registry.npmjs.org/smart-table-sort/-/smart-table-sort-2.0.4.tgz",
      "integrity": "sha512-61d2f44TebZlg0PME79zWYogWXG303YsOZ+6dNxofQRgc4s45rUGtKN6CIyuYeqE1lkJJFLVH7leF6W8UYyBzw==",
      "requires": {
        "smart-table-json-pointer": "^2.0.4",
        "smart-table-operators": "^2.0.10"
      }
    },
    "sprintf-js": {
      "version": "1.0.3",
      "resolved": "https://registry.npmjs.org/sprintf-js/-/sprintf-js-1.0.3.tgz",
      "integrity": "sha1-BOaSb2YolTVPPdAVIDYzuFcpfiw=",
      "dev": true
    },
    "string_decoder": {
      "version": "1.0.3",
      "resolved": "https://registry.npmjs.org/string_decoder/-/string_decoder-1.0.3.tgz",
      "integrity": "sha512-4AH6Z5fzNNBcH+6XDMfA/BTt87skxqJlO0lAh3Dker5zThcAxG6mKz+iGu308UKoPPQ8Dcqx/4JhujzltRa+hQ==",
      "dev": true,
      "optional": true,
      "requires": {
        "safe-buffer": "~5.1.0"
      }
    },
    "tap-parser": {
      "version": "1.3.2",
      "resolved": "https://registry.npmjs.org/tap-parser/-/tap-parser-1.3.2.tgz",
      "integrity": "sha1-EgxQiciMPIp5PvKIhn3jIeGPjCI=",
      "dev": true,
      "requires": {
        "events-to-array": "^1.0.1",
        "inherits": "~2.0.1",
        "js-yaml": "^3.2.7",
        "readable-stream": "^2"
      }
    },
    "tap-set-exit": {
      "version": "1.1.1",
      "resolved": "https://registry.npmjs.org/tap-set-exit/-/tap-set-exit-1.1.1.tgz",
      "integrity": "sha1-nGejf03FcOSZlCBGT45sGYaLVWE=",
      "dev": true,
      "requires": {
        "tap-parser": "^1.0.4"
      }
    },
    "typescript": {
      "version": "3.6.2",
      "resolved": "https://registry.npmjs.org/typescript/-/typescript-3.6.2.tgz",
      "integrity": "sha512-lmQ4L+J6mnu3xweP8+rOrUwzmN+MRAj7TgtJtDaXE5PMyX2kCrklhg3rvOsOIfNeAWMQWO2F1GPc1kMD2vLAfw==",
      "dev": true
    },
    "util-deprecate": {
      "version": "1.0.2",
      "resolved": "https://registry.npmjs.org/util-deprecate/-/util-deprecate-1.0.2.tgz",
      "integrity": "sha1-RQ1Nyfpw3nMnYvvS1KKJgUGaDM8=",
      "dev": true,
      "optional": true
    },
    "zora": {
      "version": "3.0.3",
      "resolved": "https://registry.npmjs.org/zora/-/zora-3.0.3.tgz",
      "integrity": "sha512-eQe9oYOTi7Q3+Wp6FwzdBXPZYTS+7vIpgdhStFT/9TBLtufjR9dzMPxF++87brkEyACzTYjOfTUB6JRLCfhGMg==",
      "dev": true
    }
  }
}
