{
  "name": "smart-table-core",
  "version": "1.3.5",
  "lockfileVersion": 1,
  "requires": true,
  "dependencies": {
    "acorn": {
      "version": "3.3.0",
      "resolved": "https://registry.npmjs.org/acorn/-/acorn-3.3.0.tgz",
      "integrity": "sha1-ReN/s56No/JbruP/U2niu18iAXo=",
      "dev": true
    },
    "acorn-jsx": {
      "version": "3.0.1",
      "resolved": "https://registry.npmjs.org/acorn-jsx/-/acorn-jsx-3.0.1.tgz",
      "integrity": "sha1-r9+UiPsezvyDSPb7IvRk4ypYs2s=",
      "dev": true,
      "requires": {
        "acorn": "3.3.0"
      }
    },
    "acorn-object-spread": {
      "version": "1.0.0",
      "resolved": "https://registry.npmjs.org/acorn-object-spread/-/acorn-object-spread-1.0.0.tgz",
      "integrity": "sha1-SOrQ9KjrFplaF6Dbn/xqyq2kumg=",
      "dev": true,
      "requires": {
        "acorn": "3.3.0"
      }
    },
    "ansi-regex": {
      "version": "2.1.1",
      "resolved": "https://registry.npmjs.org/ansi-regex/-/ansi-regex-2.1.1.tgz",
      "integrity": "sha1-w7M6te42DYbg5ijwRorn7yfWVN8=",
      "dev": true
    },
    "ansi-styles": {
      "version": "2.2.1",
      "resolved": "https://registry.npmjs.org/ansi-styles/-/ansi-styles-2.2.1.tgz",
      "integrity": "sha1-tDLdM1i2NM914eRmQ2gkBTPB3b4=",
      "dev": true
    },
    "balanced-match": {
      "version": "1.0.0",
      "resolved": "https://registry.npmjs.org/balanced-match/-/balanced-match-1.0.0.tgz",
      "integrity": "sha1-ibTRmasr7kneFk6gK4nORi1xt2c=",
      "dev": true
    },
    "bindings": {
      "version": "1.3.0",
      "resolved": "https://registry.npmjs.org/bindings/-/bindings-1.3.0.tgz",
      "integrity": "sha512-DpLh5EzMR2kzvX1KIlVC0VkC3iZtHKTgdtZ0a3pglBZdaQFjt5S9g9xd1lE+YvXyfd6mtCeRnrUfOLYiTMlNSw==",
      "dev": true,
      "optional": true
    },
    "brace-expansion": {
      "version": "1.1.8",
      "resolved": "https://registry.npmjs.org/brace-expansion/-/brace-expansion-1.1.8.tgz",
      "integrity": "sha1-wHshHHyVLsH479Uad+8NHTmQopI=",
      "dev": true,
      "requires": {
        "balanced-match": "1.0.0",
        "concat-map": "0.0.1"
      }
    },
    "browser-resolve": {
      "version": "1.11.2",
      "resolved": "https://registry.npmjs.org/browser-resolve/-/browser-resolve-1.11.2.tgz",
      "integrity": "sha1-j/CbCixCFxihBRwmCzLkj0QpOM4=",
      "dev": true,
      "requires": {
        "resolve": "1.1.7"
      },
      "dependencies": {
        "resolve": {
          "version": "1.1.7",
          "resolved": "https://registry.npmjs.org/resolve/-/resolve-1.1.7.tgz",
          "integrity": "sha1-IDEU2CrSxe2ejgQRs5ModeiJ6Xs=",
          "dev": true
        }
      }
    },
    "buble": {
      "version": "0.15.2",
      "resolved": "https://registry.npmjs.org/buble/-/buble-0.15.2.tgz",
      "integrity": "sha1-VH/EdIP45egXbYKqXrzLGDsC1hM=",
      "dev": true,
      "requires": {
        "acorn": "3.3.0",
        "acorn-jsx": "3.0.1",
        "acorn-object-spread": "1.0.0",
        "chalk": "1.1.3",
        "magic-string": "0.14.0",
        "minimist": "1.2.0",
        "os-homedir": "1.0.2"
      }
    },
    "builtin-modules": {
      "version": "1.1.1",
      "resolved": "https://registry.npmjs.org/builtin-modules/-/builtin-modules-1.1.1.tgz",
      "integrity": "sha1-Jw8HbFpywC9bZaR9+Uxf46J4iS8=",
      "dev": true
    },
    "chalk": {
      "version": "1.1.3",
      "resolved": "https://registry.npmjs.org/chalk/-/chalk-1.1.3.tgz",
      "integrity": "sha1-qBFcVeSnAv5NFQq9OHKCKn4J/Jg=",
      "dev": true,
      "requires": {
        "ansi-styles": "2.2.1",
        "escape-string-regexp": "1.0.5",
        "has-ansi": "2.0.0",
        "strip-ansi": "3.0.1",
        "supports-color": "2.0.0"
      }
    },
    "commander": {
      "version": "2.11.0",
      "resolved": "https://registry.npmjs.org/commander/-/commander-2.11.0.tgz",
      "integrity": "sha512-b0553uYA5YAEGgyYIGYROzKQ7X5RAqedkfjiZxwi0kL1g3bOaBNNZfYkzt/CL0umgD5wc9Jec2FbB98CjkMRvQ==",
      "dev": true
    },
    "concat-map": {
      "version": "0.0.1",
      "resolved": "https://registry.npmjs.org/concat-map/-/concat-map-0.0.1.tgz",
      "integrity": "sha1-2Klr13/Wjfd5OnMDajug1UBdR3s=",
      "dev": true
    },
    "deep-equal": {
      "version": "1.0.1",
      "resolved": "https://registry.npmjs.org/deep-equal/-/deep-equal-1.0.1.tgz",
      "integrity": "sha1-9dJgKStmDghO/0zbyfCK0yR0SLU=",
      "dev": true
    },
    "escape-string-regexp": {
      "version": "1.0.5",
      "resolved": "https://registry.npmjs.org/escape-string-regexp/-/escape-string-regexp-1.0.5.tgz",
      "integrity": "sha1-G2HAViGQqN/2rjuyzwIAyhMLhtQ=",
      "dev": true
    },
    "estree-walker": {
      "version": "0.2.1",
      "resolved": "https://registry.npmjs.org/estree-walker/-/estree-walker-0.2.1.tgz",
      "integrity": "sha1-va/oCVOD2EFNXcLs9MkXO225QS4=",
      "dev": true
    },
    "has-ansi": {
      "version": "2.0.0",
      "resolved": "https://registry.npmjs.org/has-ansi/-/has-ansi-2.0.0.tgz",
      "integrity": "sha1-NPUEnOHs3ysGSa8+8k5F7TVBbZE=",
      "dev": true,
      "requires": {
        "ansi-regex": "2.1.1"
      }
    },
    "is-module": {
      "version": "1.0.0",
      "resolved": "https://registry.npmjs.org/is-module/-/is-module-1.0.0.tgz",
      "integrity": "sha1-Mlj7afeMFNW4FdZkM2tM/7ZEFZE=",
      "dev": true
    },
    "magic-string": {
      "version": "0.14.0",
      "resolved": "https://registry.npmjs.org/magic-string/-/magic-string-0.14.0.tgz",
      "integrity": "sha1-VyJK7xcByu7Sc7F6OalW5ysXJGI=",
      "dev": true,
      "requires": {
        "vlq": "0.2.2"
      }
    },
    "minimatch": {
      "version": "3.0.4",
      "resolved": "https://registry.npmjs.org/minimatch/-/minimatch-3.0.4.tgz",
      "integrity": "sha512-yJHVQEhyqPLUTgt9B83PXu6W3rx4MvvHvSUvToogpwoGDOUQ+yDrR0HRot+yOCdCO7u4hX3pWft6kWBBcqh0UA==",
      "dev": true,
      "requires": {
        "brace-expansion": "1.1.8"
      }
    },
    "minimist": {
      "version": "1.2.0",
      "resolved": "https://registry.npmjs.org/minimist/-/minimist-1.2.0.tgz",
      "integrity": "sha1-o1AIsg9BOD7sH7kU9M1d95omQoQ=",
      "dev": true
    },
    "nan": {
      "version": "2.7.0",
      "resolved": "https://registry.npmjs.org/nan/-/nan-2.7.0.tgz",
      "integrity": "sha1-2Vv3IeyHfgjbJ27T/G63j5CDrUY=",
      "dev": true,
      "optional": true
    },
    "os-homedir": {
      "version": "1.0.2",
      "resolved": "https://registry.npmjs.org/os-homedir/-/os-homedir-1.0.2.tgz",
      "integrity": "sha1-/7xJiDNuDoM94MFox+8VISGqf7M=",
      "dev": true
    },
    "path-parse": {
      "version": "1.0.5",
      "resolved": "https://registry.npmjs.org/path-parse/-/path-parse-1.0.5.tgz",
      "integrity": "sha1-PBrfhx6pzWyUMbbqK9dKD/BVxME=",
      "dev": true
    },
    "resolve": {
      "version": "1.4.0",
      "resolved": "https://registry.npmjs.org/resolve/-/resolve-1.4.0.tgz",
      "integrity": "sha512-aW7sVKPufyHqOmyyLzg/J+8606v5nevBgaliIlV7nUpVMsDnoBGV/cbSLNjZAg9q0Cfd/+easKVKQ8vOu8fn1Q==",
      "dev": true,
      "requires": {
        "path-parse": "1.0.5"
      }
    },
    "rollup": {
      "version": "0.43.1",
      "resolved": "https://registry.npmjs.org/rollup/-/rollup-0.43.1.tgz",
      "integrity": "sha512-Y/7r6bE1sSpvBoMNZpSWKGHM2q67YxzBADbsfVqMf+nM6SbsQnU7BPMdrE3m/GiT46BQMN8BwFGhjukQP8Yy0A==",
      "dev": true,
      "requires": {
        "source-map-support": "0.4.16",
        "weak": "1.0.1"
      }
    },
    "rollup-plugin-buble": {
      "version": "0.15.0",
      "resolved": "https://registry.npmjs.org/rollup-plugin-buble/-/rollup-plugin-buble-0.15.0.tgz",
      "integrity": "sha1-g8PonH/SJmx5GPQbo5gDE1Gcf9A=",
      "dev": true,
      "requires": {
        "buble": "0.15.2",
        "rollup-pluginutils": "1.5.2"
      }
    },
    "rollup-plugin-node-resolve": {
      "version": "3.0.0",
      "resolved": "https://registry.npmjs.org/rollup-plugin-node-resolve/-/rollup-plugin-node-resolve-3.0.0.tgz",
      "integrity": "sha1-i4l8TDAw1QASd7BRSyXSygloPuA=",
      "dev": true,
      "requires": {
        "browser-resolve": "1.11.2",
        "builtin-modules": "1.1.1",
        "is-module": "1.0.0",
        "resolve": "1.4.0"
      }
    },
    "rollup-plugin-uglify": {
      "version": "2.0.1",
      "resolved": "https://registry.npmjs.org/rollup-plugin-uglify/-/rollup-plugin-uglify-2.0.1.tgz",
      "integrity": "sha1-Z7N60e/a+9g69MNrQMGJ7khmyWk=",
      "dev": true,
      "requires": {
        "uglify-js": "3.0.28"
      }
    },
    "rollup-pluginutils": {
      "version": "1.5.2",
      "resolved": "https://registry.npmjs.org/rollup-pluginutils/-/rollup-pluginutils-1.5.2.tgz",
      "integrity": "sha1-HhVud4+UtyVb+hs9AXi+j1xVJAg=",
      "dev": true,
      "requires": {
        "estree-walker": "0.2.1",
        "minimatch": "3.0.4"
      }
    },
    "smart-table-events": {
      "version": "1.0.2",
      "resolved": "https://registry.npmjs.org/smart-table-events/-/smart-table-events-1.0.2.tgz",
      "integrity": "sha1-/27DtfR+/7/G1Cv7hRIBUMiGPVM="
    },
    "smart-table-filter": {
      "version": "1.0.0",
      "resolved": "https://registry.npmjs.org/smart-table-filter/-/smart-table-filter-1.0.0.tgz",
      "integrity": "sha1-heP8w1bdAv1L0uYyHVOIk+GQzm4=",
      "requires": {
        "smart-table-json-pointer": "1.0.1",
        "smart-table-operators": "2.0.1"
      }
    },
    "smart-table-json-pointer": {
      "version": "1.0.1",
      "resolved": "https://registry.npmjs.org/smart-table-json-pointer/-/smart-table-json-pointer-1.0.1.tgz",
      "integrity": "sha1-iSeFBSGkn0t0x3jC4WhqI+wh90I="
    },
    "smart-table-operators": {
      "version": "2.0.1",
      "resolved": "https://registry.npmjs.org/smart-table-operators/-/smart-table-operators-2.0.1.tgz",
      "integrity": "sha1-c6MMRksQ9Emo3k705oBjlKx/fYY="
    },
    "smart-table-search": {
      "version": "1.0.1",
      "resolved": "https://registry.npmjs.org/smart-table-search/-/smart-table-search-1.0.1.tgz",
      "integrity": "sha1-Y3da6iyFPerrXw2ae0rxrVu08Kg=",
      "requires": {
        "smart-table-json-pointer": "1.0.1"
      }
    },
    "smart-table-sort": {
      "version": "1.0.0",
      "resolved": "https://registry.npmjs.org/smart-table-sort/-/smart-table-sort-1.0.0.tgz",
      "integrity": "sha1-5e0pIQ5Ta451fhf/spygU231PSc=",
      "requires": {
        "smart-table-json-pointer": "1.0.1",
        "smart-table-operators": "2.0.1"
      }
    },
    "source-map": {
      "version": "0.5.7",
      "resolved": "https://registry.npmjs.org/source-map/-/source-map-0.5.7.tgz",
      "integrity": "sha1-igOdLRAh0i0eoUyA2OpGi6LvP8w=",
      "dev": true
    },
    "source-map-support": {
      "version": "0.4.16",
      "resolved": "https://registry.npmjs.org/source-map-support/-/source-map-support-0.4.16.tgz",
      "integrity": "sha512-A6vlydY7H/ljr4L2UOhDSajQdZQ6dMD7cLH0pzwcmwLyc9u8PNI4WGtnfDDzX7uzGL6c/T+ORL97Zlh+S4iOrg==",
      "dev": true,
      "requires": {
        "source-map": "0.5.7"
      }
    },
    "strip-ansi": {
      "version": "3.0.1",
      "resolved": "https://registry.npmjs.org/strip-ansi/-/strip-ansi-3.0.1.tgz",
      "integrity": "sha1-ajhfuIU9lS1f8F0Oiq+UJ43GPc8=",
      "dev": true,
      "requires": {
        "ansi-regex": "2.1.1"
      }
    },
    "supports-color": {
      "version": "2.0.0",
      "resolved": "https://registry.npmjs.org/supports-color/-/supports-color-2.0.0.tgz",
      "integrity": "sha1-U10EXOa2Nj+kARcIRimZXp3zJMc=",
      "dev": true
    },
    "uglify-js": {
      "version": "3.0.28",
      "resolved": "https://registry.npmjs.org/uglify-js/-/uglify-js-3.0.28.tgz",
      "integrity": "sha512-0h/qGay016GG2lVav3Kz174F3T2Vjlz2v6HCt+WDQpoXfco0hWwF5gHK9yh88mUYvIC+N7Z8NT8WpjSp1yoqGA==",
      "dev": true,
      "requires": {
        "commander": "2.11.0",
        "source-map": "0.5.7"
      }
    },
    "vlq": {
      "version": "0.2.2",
      "resolved": "https://registry.npmjs.org/vlq/-/vlq-0.2.2.tgz",
      "integrity": "sha1-4xbVJXtAuGu0PLjV/qXX9U1rDKE=",
      "dev": true
    },
    "weak": {
      "version": "1.0.1",
      "resolved": "https://registry.npmjs.org/weak/-/weak-1.0.1.tgz",
      "integrity": "sha1-q5mqswcGlZqgIAy4z1RbucszuZ4=",
      "dev": true,
      "optional": true,
      "requires": {
        "bindings": "1.3.0",
        "nan": "2.7.0"
      }
    },
    "zora": {
      "version": "1.0.1",
      "resolved": "https://registry.npmjs.org/zora/-/zora-1.0.1.tgz",
      "integrity": "sha1-A69E3Q8gnMXaY8E1w91h47tP+j8=",
      "dev": true,
      "requires": {
        "deep-equal": "1.0.1"
      }
    }
  }
}
